version = 1
revision = 2
requires-python = ">=3.11"

[[package]]
name = "asttokens"
version = "3.0.0"
source = { registry = "https://pypi.org/simple" }
sdist = { url = "https://files.pythonhosted.org/packages/4a/e7/82da0a03e7ba5141f05cce0d302e6eed121ae055e0456ca228bf693984bc/asttokens-3.0.0.tar.gz", hash = "sha256:0dcd8baa8d62b0c1d118b399b2ddba3c4aff271d0d7a9e0d4c1681c79035bbc7", size = 61978, upload-time = "2024-11-30T04:30:14.439Z" }
wheels = [
    { url = "https://files.pythonhosted.org/packages/25/8a/c46dcc25341b5bce5472c718902eb3d38600a903b14fa6aeecef3f21a46f/asttokens-3.0.0-py3-none-any.whl", hash = "sha256:e3078351a059199dd5138cb1c706e6430c05eff2ff136af5eb4790f9d28932e2", size = 26918, upload-time = "2024-11-30T04:30:10.946Z" },
]

[[package]]
name = "click"
version = "8.2.1"
source = { registry = "https://pypi.org/simple" }
dependencies = [
    { name = "colorama", marker = "sys_platform == 'win32'" },
]
sdist = { url = "https://files.pythonhosted.org/packages/60/6c/8ca2efa64cf75a977a0d7fac081354553ebe483345c734fb6b6515d96bbc/click-8.2.1.tar.gz", hash = "sha256:27c491cc05d968d271d5a1db13e3b5a184636d9d930f148c50b038f0d0646202", size = 286342, upload-time = "2025-05-20T23:19:49.832Z" }
wheels = [
    { url = "https://files.pythonhosted.org/packages/85/32/10bb5764d90a8eee674e9dc6f4db6a0ab47c8c4d0d83c27f7c39ac415a4d/click-8.2.1-py3-none-any.whl", hash = "sha256:61a3265b914e850b85317d0b3109c7f8cd35a670f963866005d6ef1d5175a12b", size = 102215, upload-time = "2025-05-20T23:19:47.796Z" },
]

[[package]]
name = "colorama"
version = "0.4.6"
source = { registry = "https://pypi.org/simple" }
sdist = { url = "https://files.pythonhosted.org/packages/d8/53/6f443c9a4a8358a93a6792e2acffb9d9d5cb0a5cfd8802644b7b1c9a02e4/colorama-0.4.6.tar.gz", hash = "sha256:08695f5cb7ed6e0531a20572697297273c47b8cae5a63ffc6d6ed5c201be6e44", size = 27697, upload-time = "2022-10-25T02:36:22.414Z" }
wheels = [
    { url = "https://files.pythonhosted.org/packages/d1/d6/3965ed04c63042e047cb6a3e6ed1a63a35087b6a609aa3a15ed8ac56c221/colorama-0.4.6-py2.py3-none-any.whl", hash = "sha256:4f1d9991f5acc0ca119f9d443620b77f9d6b33703e51011c16baf57afb285fc6", size = 25335, upload-time = "2022-10-25T02:36:20.889Z" },
]

[[package]]
name = "coloredlogs"
version = "15.0.1"
source = { registry = "https://pypi.org/simple" }
dependencies = [
    { name = "humanfriendly" },
]
sdist = { url = "https://files.pythonhosted.org/packages/cc/c7/eed8f27100517e8c0e6b923d5f0845d0cb99763da6fdee00478f91db7325/coloredlogs-15.0.1.tar.gz", hash = "sha256:7c991aa71a4577af2f82600d8f8f3a89f936baeaf9b50a9c197da014e5bf16b0", size = 278520, upload-time = "2021-06-11T10:22:45.202Z" }
wheels = [
    { url = "https://files.pythonhosted.org/packages/a7/06/3d6badcf13db419e25b07041d9c7b4a2c331d3f4e7134445ec5df57714cd/coloredlogs-15.0.1-py2.py3-none-any.whl", hash = "sha256:612ee75c546f53e92e70049c9dbfcc18c935a2b9a53b66085ce9ef6a6e5c0934", size = 46018, upload-time = "2021-06-11T10:22:42.561Z" },
]

[[package]]
name = "decorator"
version = "5.2.1"
source = { registry = "https://pypi.org/simple" }
sdist = { url = "https://files.pythonhosted.org/packages/43/fa/6d96a0978d19e17b68d634497769987b16c8f4cd0a7a05048bec693caa6b/decorator-5.2.1.tar.gz", hash = "sha256:65f266143752f734b0a7cc83c46f4618af75b8c5911b00ccb61d0ac9b6da0360", size = 56711, upload-time = "2025-02-24T04:41:34.073Z" }
wheels = [
    { url = "https://files.pythonhosted.org/packages/4e/8c/f3147f5c4b73e7550fe5f9352eaa956ae838d5c51eb58e7a25b9f3e2643b/decorator-5.2.1-py3-none-any.whl", hash = "sha256:d316bb415a2d9e2d2b3abcc4084c6502fc09240e292cd76a76afc106a1c8e04a", size = 9190, upload-time = "2025-02-24T04:41:32.565Z" },
]

[[package]]
name = "duckdb"
version = "1.3.1"
source = { registry = "https://pypi.org/simple" }
sdist = { url = "https://files.pythonhosted.org/packages/35/ab/d89a4dd14311d5a0081711bc66db3fad73f7645fa7eb3844c423d2fa0a17/duckdb-1.3.1.tar.gz", hash = "sha256:8e101990a879533b1d33f003df2eb2a3c4bc7bdf976bd7ef7c32342047935327", size = 11628075, upload-time = "2025-06-16T13:57:04.119Z" }
wheels = [
    { url = "https://files.pythonhosted.org/packages/37/30/56cc16f223e080edb5aa5aca8d1e3dc7710ecff3726ba2d7354ae1a40223/duckdb-1.3.1-cp311-cp311-macosx_12_0_arm64.whl", hash = "sha256:376193078285b243910b1239a927e271d12d9bf6358a6937d1f7af253cfef2b6", size = 15516676, upload-time = "2025-06-16T13:56:02.033Z" },
    { url = "https://files.pythonhosted.org/packages/32/b3/7556d6f947ef06be925b6703caf1151d7ec736d3fb167aa2b8ee483782b2/duckdb-1.3.1-cp311-cp311-macosx_12_0_universal2.whl", hash = "sha256:d690576e8b4479b1e0c58cd8179f600f67af237ad31186fb10e867a02d4d66ff", size = 32489163, upload-time = "2025-06-16T13:56:04.542Z" },
    { url = "https://files.pythonhosted.org/packages/6f/35/2ece30329d6cc4b7c2e37e14c3c9a28300f898dd4c170caad8b824308204/duckdb-1.3.1-cp311-cp311-macosx_12_0_x86_64.whl", hash = "sha256:833b3c0208c238aac0d9287fcaca93ea54b82deabd8d162a469bd9adb42a0453", size = 17083190, upload-time = "2025-06-16T13:56:06.699Z" },
    { url = "https://files.pythonhosted.org/packages/9d/2b/3dccb341af40f0679a769b3ca485f3aeda8997873552b68949977186b63e/duckdb-1.3.1-cp311-cp311-manylinux_2_27_aarch64.manylinux_2_28_aarch64.whl", hash = "sha256:8bdd53e62917298208b7182d5fd1686a4caddc573dc1a95a58ca054105b23b38", size = 19153031, upload-time = "2025-06-16T13:56:08.596Z" },
    { url = "https://files.pythonhosted.org/packages/da/47/f8c13c3318bb29e22d2b320fcbf07c27d2d3cc1acb54e2dee3478611dce2/duckdb-1.3.1-cp311-cp311-manylinux_2_27_x86_64.manylinux_2_28_x86_64.whl", hash = "sha256:591c9ca1b8dc591548bf56b2f18e26ca2339d7b95613009f6ba00af855210029", size = 21086086, upload-time = "2025-06-16T13:56:10.901Z" },
    { url = "https://files.pythonhosted.org/packages/cb/a7/a1be142ccd483e2dd0ea7a37b1999bd8964ab755915952fe6f131af84543/duckdb-1.3.1-cp311-cp311-musllinux_1_2_x86_64.whl", hash = "sha256:18f21142546edb5f935963f8f012b6569b978f398d48709da276b245ee4f5f4d", size = 22736728, upload-time = "2025-06-16T13:56:12.948Z" },
    { url = "https://files.pythonhosted.org/packages/f1/30/9782f26236b3df9e15958a6d0f299d13ace6ce8f5327ddba13b8ea129d03/duckdb-1.3.1-cp311-cp311-win_amd64.whl", hash = "sha256:59121f0a8220b72050046a816e85e7464eb78e395f64118161b1115855284f87", size = 11300684, upload-time = "2025-06-16T13:56:15.189Z" },
    { url = "https://files.pythonhosted.org/packages/2b/cf/c9a76a15195ec1566b04a23c182ce16b60d1f06c7cdfec1aa538c8e8e0ae/duckdb-1.3.1-cp312-cp312-macosx_12_0_arm64.whl", hash = "sha256:73f389f9c713325a6994dd9e04a7fa23bd73e8387883f8086946a9d3a1dd70e1", size = 15529437, upload-time = "2025-06-16T13:56:16.932Z" },
    { url = "https://files.pythonhosted.org/packages/d7/15/6cb79d988bedb19be6cfb654cd98b339cf4d06b7fc337f52c4051416b690/duckdb-1.3.1-cp312-cp312-macosx_12_0_universal2.whl", hash = "sha256:87c99569274b453d8f9963e43fea74bc86901773fac945c1fe612c133a91e506", size = 32525563, upload-time = "2025-06-16T13:56:19.235Z" },
    { url = "https://files.pythonhosted.org/packages/14/7a/0acc37ec937a69a2fc325ab680cf68e7f1ed5d83b056dfade617502e40c2/duckdb-1.3.1-cp312-cp312-macosx_12_0_x86_64.whl", hash = "sha256:21da268355dfdf859b3d4db22180f7d5dd85a60517e077cb4158768cd5f0ee44", size = 17106064, upload-time = "2025-06-16T13:56:21.534Z" },
    { url = "https://files.pythonhosted.org/packages/b5/a0/aef95020f5ada03e44eea0b23951b96cec45a85a0c42210639d5d5688603/duckdb-1.3.1-cp312-cp312-manylinux_2_27_aarch64.manylinux_2_28_aarch64.whl", hash = "sha256:77902954d15ba4aff92e82df700643b995c057f2d7d39af7ed226d8cceb9c2af", size = 19172380, upload-time = "2025-06-16T13:56:23.875Z" },
    { url = "https://files.pythonhosted.org/packages/9c/2a/3eae3acda60e178785835d6df85f3bf9ddab4362e9fd45d0fe4879973561/duckdb-1.3.1-cp312-cp312-manylinux_2_27_x86_64.manylinux_2_28_x86_64.whl", hash = "sha256:67b1a3c9e2c3474991da97edfec0a89f382fef698d7f64b2d8d09006eaeeea24", size = 21123030, upload-time = "2025-06-16T13:56:26.366Z" },
    { url = "https://files.pythonhosted.org/packages/f4/79/885c0ad2434fa7b353532580435d59bb007efb629740ba4eb273fc4c882c/duckdb-1.3.1-cp312-cp312-musllinux_1_2_x86_64.whl", hash = "sha256:f1d076b12f0d2a7f9090ad9e4057ac41af3e4785969e5997afd44922c7b141e0", size = 22774472, upload-time = "2025-06-16T13:56:29.884Z" },
    { url = "https://files.pythonhosted.org/packages/24/02/d294613e4fccfc86f4718b2cede365a9a6313c938bf0547c78ec196a0b9c/duckdb-1.3.1-cp312-cp312-win_amd64.whl", hash = "sha256:bf7d6884bfb67aef67aebb0bd2460ea1137c55b3fd8794a3530c653dbe0d4019", size = 11302743, upload-time = "2025-06-16T13:56:31.868Z" },
    { url = "https://files.pythonhosted.org/packages/d0/2e/5e1bf9f0b43bcb37dbe729d3a2c55da8b232137c15b0b63d2d51f96793b6/duckdb-1.3.1-cp313-cp313-macosx_12_0_arm64.whl", hash = "sha256:72bbc8479c5d88e839a92c458c94c622f917ff0122853323728d6e25b0c3d4e1", size = 15529541, upload-time = "2025-06-16T13:56:34.011Z" },
    { url = "https://files.pythonhosted.org/packages/bc/ab/6b2e1efb133b2f4990710bd9a54e734a12a147eaead1102e36dd8d126494/duckdb-1.3.1-cp313-cp313-macosx_12_0_universal2.whl", hash = "sha256:937de83df6bbe4bee5830ce80f568d4c0ebf3ef5eb809db3343d2161e4f6e42b", size = 32525596, upload-time = "2025-06-16T13:56:36.048Z" },
    { url = "https://files.pythonhosted.org/packages/68/9f/879f6f33a1d5b4afee9dd4082e97d9b43c21cf734c90164d10fd7303edb5/duckdb-1.3.1-cp313-cp313-macosx_12_0_x86_64.whl", hash = "sha256:21440dd37f073944badd495c299c6d085cd133633450467ec420c71897ac1d5b", size = 17106339, upload-time = "2025-06-16T13:56:38.358Z" },
    { url = "https://files.pythonhosted.org/packages/9a/06/5755f93be743ec27986f275847a85d44bb1bd6d8631492d337729fbe9145/duckdb-1.3.1-cp313-cp313-manylinux_2_27_aarch64.manylinux_2_28_aarch64.whl", hash = "sha256:663610b591ea6964f140441c81b718e745704cf098c540e905b200b9079e2a5c", size = 19173540, upload-time = "2025-06-16T13:56:40.304Z" },
    { url = "https://files.pythonhosted.org/packages/90/a6/c8577b741974f106e24f8eb3efedc399be1a23cbbdcf49dd4bea5bb8aa4e/duckdb-1.3.1-cp313-cp313-manylinux_2_27_x86_64.manylinux_2_28_x86_64.whl", hash = "sha256:8793b5abb365bbbf64ba3065f3a37951fe04f2d4506b0e24f3f8ecd08b3af4ba", size = 21122193, upload-time = "2025-06-16T13:56:42.321Z" },
    { url = "https://files.pythonhosted.org/packages/43/10/b4576bbfa895a0ab125697fd58c0fbe54338672a9df25e7311bdf21f9e04/duckdb-1.3.1-cp313-cp313-musllinux_1_2_x86_64.whl", hash = "sha256:27d775a5af405d1c228561830c8ccbe4e2832dafb4012f16c05fde1cde206dee", size = 22773434, upload-time = "2025-06-16T13:56:46.414Z" },
    { url = "https://files.pythonhosted.org/packages/94/b9/f5ae51f7331f79c184fd96456c0896de875149fdeb092084fd20433ec97c/duckdb-1.3.1-cp313-cp313-win_amd64.whl", hash = "sha256:3eb045a9bf92da890d890cde2f676b3bda61b9de3b7dc46cbaaf75875b41e4b0", size = 11302770, upload-time = "2025-06-16T13:56:48.325Z" },
]

[[package]]
name = "executing"
version = "2.2.0"
source = { registry = "https://pypi.org/simple" }
sdist = { url = "https://files.pythonhosted.org/packages/91/50/a9d80c47ff289c611ff12e63f7c5d13942c65d68125160cefd768c73e6e4/executing-2.2.0.tar.gz", hash = "sha256:5d108c028108fe2551d1a7b2e8b713341e2cb4fc0aa7dcf966fa4327a5226755", size = 978693, upload-time = "2025-01-22T15:41:29.403Z" }
wheels = [
    { url = "https://files.pythonhosted.org/packages/7b/8f/c4d9bafc34ad7ad5d8dc16dd1347ee0e507a52c3adb6bfa8887e1c6a26ba/executing-2.2.0-py2.py3-none-any.whl", hash = "sha256:11387150cad388d62750327a53d3339fad4888b39a6fe233c3afbb54ecffd3aa", size = 26702, upload-time = "2025-01-22T15:41:25.929Z" },
]

[[package]]
name = "humanfriendly"
version = "10.0"
source = { registry = "https://pypi.org/simple" }
dependencies = [
    { name = "pyreadline3", marker = "sys_platform == 'win32'" },
]
sdist = { url = "https://files.pythonhosted.org/packages/cc/3f/2c29224acb2e2df4d2046e4c73ee2662023c58ff5b113c4c1adac0886c43/humanfriendly-10.0.tar.gz", hash = "sha256:6b0b831ce8f15f7300721aa49829fc4e83921a9a301cc7f606be6686a2288ddc", size = 360702, upload-time = "2021-09-17T21:40:43.31Z" }
wheels = [
    { url = "https://files.pythonhosted.org/packages/f0/0f/310fb31e39e2d734ccaa2c0fb981ee41f7bd5056ce9bc29b2248bd569169/humanfriendly-10.0-py2.py3-none-any.whl", hash = "sha256:1697e1a8a8f550fd43c2865cd84542fc175a61dcb779b6fee18cf6b6ccba1477", size = 86794, upload-time = "2021-09-17T21:40:39.897Z" },
]

[[package]]
name = "ipython"
version = "9.3.0"
source = { registry = "https://pypi.org/simple" }
dependencies = [
    { name = "colorama", marker = "sys_platform == 'win32'" },
    { name = "decorator" },
    { name = "ipython-pygments-lexers" },
    { name = "jedi" },
    { name = "matplotlib-inline" },
    { name = "pexpect", marker = "sys_platform != 'emscripten' and sys_platform != 'win32'" },
    { name = "prompt-toolkit" },
    { name = "pygments" },
    { name = "stack-data" },
    { name = "traitlets" },
    { name = "typing-extensions", marker = "python_full_version < '3.12'" },
]
sdist = { url = "https://files.pythonhosted.org/packages/dc/09/4c7e06b96fbd203e06567b60fb41b06db606b6a82db6db7b2c85bb72a15c/ipython-9.3.0.tar.gz", hash = "sha256:79eb896f9f23f50ad16c3bc205f686f6e030ad246cc309c6279a242b14afe9d8", size = 4426460, upload-time = "2025-05-31T16:34:55.678Z" }
wheels = [
    { url = "https://files.pythonhosted.org/packages/3c/99/9ed3d52d00f1846679e3aa12e2326ac7044b5e7f90dc822b60115fa533ca/ipython-9.3.0-py3-none-any.whl", hash = "sha256:1a0b6dd9221a1f5dddf725b57ac0cb6fddc7b5f470576231ae9162b9b3455a04", size = 605320, upload-time = "2025-05-31T16:34:52.154Z" },
]

[[package]]
name = "ipython-pygments-lexers"
version = "1.1.1"
source = { registry = "https://pypi.org/simple" }
dependencies = [
    { name = "pygments" },
]
sdist = { url = "https://files.pythonhosted.org/packages/ef/4c/5dd1d8af08107f88c7f741ead7a40854b8ac24ddf9ae850afbcf698aa552/ipython_pygments_lexers-1.1.1.tar.gz", hash = "sha256:09c0138009e56b6854f9535736f4171d855c8c08a563a0dcd8022f78355c7e81", size = 8393, upload-time = "2025-01-17T11:24:34.505Z" }
wheels = [
    { url = "https://files.pythonhosted.org/packages/d9/33/1f075bf72b0b747cb3288d011319aaf64083cf2efef8354174e3ed4540e2/ipython_pygments_lexers-1.1.1-py3-none-any.whl", hash = "sha256:a9462224a505ade19a605f71f8fa63c2048833ce50abc86768a0d81d876dc81c", size = 8074, upload-time = "2025-01-17T11:24:33.271Z" },
]

[[package]]
name = "jedi"
version = "0.19.2"
source = { registry = "https://pypi.org/simple" }
dependencies = [
    { name = "parso" },
]
sdist = { url = "https://files.pythonhosted.org/packages/72/3a/79a912fbd4d8dd6fbb02bf69afd3bb72cf0c729bb3063c6f4498603db17a/jedi-0.19.2.tar.gz", hash = "sha256:4770dc3de41bde3966b02eb84fbcf557fb33cce26ad23da12c742fb50ecb11f0", size = 1231287, upload-time = "2024-11-11T01:41:42.873Z" }
wheels = [
    { url = "https://files.pythonhosted.org/packages/c0/5a/9cac0c82afec3d09ccd97c8b6502d48f165f9124db81b4bcb90b4af974ee/jedi-0.19.2-py2.py3-none-any.whl", hash = "sha256:a8ef22bde8490f57fe5c7681a3c83cb58874daf72b4784de3cce5b6ef6edb5b9", size = 1572278, upload-time = "2024-11-11T01:41:40.175Z" },
]

[[package]]
name = "matplotlib-inline"
version = "0.1.7"
source = { registry = "https://pypi.org/simple" }
dependencies = [
    { name = "traitlets" },
]
sdist = { url = "https://files.pythonhosted.org/packages/99/5b/a36a337438a14116b16480db471ad061c36c3694df7c2084a0da7ba538b7/matplotlib_inline-0.1.7.tar.gz", hash = "sha256:8423b23ec666be3d16e16b60bdd8ac4e86e840ebd1dd11a30b9f117f2fa0ab90", size = 8159, upload-time = "2024-04-15T13:44:44.803Z" }
wheels = [
    { url = "https://files.pythonhosted.org/packages/8f/8e/9ad090d3553c280a8060fbf6e24dc1c0c29704ee7d1c372f0c174aa59285/matplotlib_inline-0.1.7-py3-none-any.whl", hash = "sha256:df192d39a4ff8f21b1895d72e6a13f5fcc5099f00fa84384e0ea28c2cc0653ca", size = 9899, upload-time = "2024-04-15T13:44:43.265Z" },
]

[[package]]
name = "parso"
version = "0.8.4"
source = { registry = "https://pypi.org/simple" }
sdist = { url = "https://files.pythonhosted.org/packages/66/94/68e2e17afaa9169cf6412ab0f28623903be73d1b32e208d9e8e541bb086d/parso-0.8.4.tar.gz", hash = "sha256:eb3a7b58240fb99099a345571deecc0f9540ea5f4dd2fe14c2a99d6b281ab92d", size = 400609, upload-time = "2024-04-05T09:43:55.897Z" }
wheels = [
    { url = "https://files.pythonhosted.org/packages/c6/ac/dac4a63f978e4dcb3c6d3a78c4d8e0192a113d288502a1216950c41b1027/parso-0.8.4-py2.py3-none-any.whl", hash = "sha256:a418670a20291dacd2dddc80c377c5c3791378ee1e8d12bffc35420643d43f18", size = 103650, upload-time = "2024-04-05T09:43:53.299Z" },
]

[[package]]
name = "pexpect"
version = "4.9.0"
source = { registry = "https://pypi.org/simple" }
dependencies = [
    { name = "ptyprocess" },
]
sdist = { url = "https://files.pythonhosted.org/packages/42/92/cc564bf6381ff43ce1f4d06852fc19a2f11d180f23dc32d9588bee2f149d/pexpect-4.9.0.tar.gz", hash = "sha256:ee7d41123f3c9911050ea2c2dac107568dc43b2d3b0c7557a33212c398ead30f", size = 166450, upload-time = "2023-11-25T09:07:26.339Z" }
wheels = [
    { url = "https://files.pythonhosted.org/packages/9e/c3/059298687310d527a58bb01f3b1965787ee3b40dce76752eda8b44e9a2c5/pexpect-4.9.0-py2.py3-none-any.whl", hash = "sha256:7236d1e080e4936be2dc3e326cec0af72acf9212a7e1d060210e70a47e253523", size = 63772, upload-time = "2023-11-25T06:56:14.81Z" },
]

[[package]]
name = "polars"
version = "1.31.0"
source = { registry = "https://pypi.org/simple" }
sdist = { url = "https://files.pythonhosted.org/packages/fd/f5/de1b5ecd7d0bd0dd87aa392937f759f9cc3997c5866a9a7f94eabf37cd48/polars-1.31.0.tar.gz", hash = "sha256:59a88054a5fc0135386268ceefdbb6a6cc012d21b5b44fed4f1d3faabbdcbf32", size = 4681224, upload-time = "2025-06-18T12:00:46.24Z" }
wheels = [
    { url = "https://files.pythonhosted.org/packages/3d/6e/bdd0937653c1e7a564a09ae3bc7757ce83fedbf19da600c8b35d62c0182a/polars-1.31.0-cp39-abi3-macosx_10_12_x86_64.whl", hash = "sha256:ccc68cd6877deecd46b13cbd2663ca89ab2a2cb1fe49d5cfc66a9cef166566d9", size = 34511354, upload-time = "2025-06-18T11:59:40.048Z" },
    { url = "https://files.pythonhosted.org/packages/77/fe/81aaca3540c1a5530b4bc4fd7f1b6f77100243d7bb9b7ad3478b770d8b3e/polars-1.31.0-cp39-abi3-macosx_11_0_arm64.whl", hash = "sha256:a94c5550df397ad3c2d6adc212e59fd93d9b044ec974dd3653e121e6487a7d21", size = 31377712, upload-time = "2025-06-18T11:59:45.104Z" },
    { url = "https://files.pythonhosted.org/packages/b8/d9/5e2753784ea30d84b3e769a56f5e50ac5a89c129e87baa16ac0773eb4ef7/polars-1.31.0-cp39-abi3-manylinux_2_17_x86_64.manylinux2014_x86_64.whl", hash = "sha256:ada7940ed92bea65d5500ae7ac1f599798149df8faa5a6db150327c9ddbee4f1", size = 35050729, upload-time = "2025-06-18T11:59:48.538Z" },
    { url = "https://files.pythonhosted.org/packages/20/e8/a6bdfe7b687c1fe84bceb1f854c43415eaf0d2fdf3c679a9dc9c4776e462/polars-1.31.0-cp39-abi3-manylinux_2_24_aarch64.whl", hash = "sha256:b324e6e3e8c6cc6593f9d72fe625f06af65e8d9d47c8686583585533a5e731e1", size = 32260836, upload-time = "2025-06-18T11:59:52.543Z" },
    { url = "https://files.pythonhosted.org/packages/6e/f6/9d9ad9dc4480d66502497e90ce29efc063373e1598f4bd9b6a38af3e08e7/polars-1.31.0-cp39-abi3-win_amd64.whl", hash = "sha256:3fd874d3432fc932863e8cceff2cff8a12a51976b053f2eb6326a0672134a632", size = 35156211, upload-time = "2025-06-18T11:59:55.805Z" },
    { url = "https://files.pythonhosted.org/packages/40/4b/0673a68ac4d6527fac951970e929c3b4440c654f994f0c957bd5556deb38/polars-1.31.0-cp39-abi3-win_arm64.whl", hash = "sha256:62ef23bb9d10dca4c2b945979f9a50812ac4ace4ed9e158a6b5d32a7322e6f75", size = 31469078, upload-time = "2025-06-18T11:59:59.242Z" },
]

[[package]]
name = "ppmidb"
version = "0.1.0"
source = { editable = "." }
dependencies = [
    { name = "click" },
    { name = "coloredlogs" },
    { name = "duckdb" },
    { name = "ipython" },
    { name = "polars" },
    { name = "psycopg", extra = ["binary"] },
]

[package.metadata]
requires-dist = [
    { name = "click", specifier = ">=8.2.1" },
    { name = "coloredlogs", specifier = ">=15.0.1" },
    { name = "duckdb", specifier = ">=1.3.1" },
    { name = "ipython", specifier = ">=9.3.0" },
    { name = "polars", specifier = ">=1.31.0" },
    { name = "psycopg", extras = ["binary"], specifier = ">=3.2.9" },
]

[[package]]
name = "prompt-toolkit"
version = "3.0.51"
source = { registry = "https://pypi.org/simple" }
dependencies = [
    { name = "wcwidth" },
]
sdist = { url = "https://files.pythonhosted.org/packages/bb/6e/9d084c929dfe9e3bfe0c6a47e31f78a25c54627d64a66e884a8bf5474f1c/prompt_toolkit-3.0.51.tar.gz", hash = "sha256:931a162e3b27fc90c86f1b48bb1fb2c528c2761475e57c9c06de13311c7b54ed", size = 428940, upload-time = "2025-04-15T09:18:47.731Z" }
wheels = [
    { url = "https://files.pythonhosted.org/packages/ce/4f/5249960887b1fbe561d9ff265496d170b55a735b76724f10ef19f9e40716/prompt_toolkit-3.0.51-py3-none-any.whl", hash = "sha256:52742911fde84e2d423e2f9a4cf1de7d7ac4e51958f648d9540e0fb8db077b07", size = 387810, upload-time = "2025-04-15T09:18:44.753Z" },
]

[[package]]
name = "psycopg"
version = "3.2.9"
source = { registry = "https://pypi.org/simple" }
dependencies = [
    { name = "typing-extensions", marker = "python_full_version < '3.13'" },
    { name = "tzdata", marker = "sys_platform == 'win32'" },
]
sdist = { url = "https://files.pythonhosted.org/packages/27/4a/93a6ab570a8d1a4ad171a1f4256e205ce48d828781312c0bbaff36380ecb/psycopg-3.2.9.tar.gz", hash = "sha256:2fbb46fcd17bc81f993f28c47f1ebea38d66ae97cc2dbc3cad73b37cefbff700", size = 158122, upload-time = "2025-05-13T16:11:15.533Z" }
wheels = [
    { url = "https://files.pythonhosted.org/packages/44/b0/a73c195a56eb6b92e937a5ca58521a5c3346fb233345adc80fd3e2f542e2/psycopg-3.2.9-py3-none-any.whl", hash = "sha256:01a8dadccdaac2123c916208c96e06631641c0566b22005493f09663c7a8d3b6", size = 202705, upload-time = "2025-05-13T16:06:26.584Z" },
]

[package.optional-dependencies]
binary = [
    { name = "psycopg-binary", marker = "implementation_name != 'pypy'" },
]

[[package]]
name = "psycopg-binary"
version = "3.2.9"
source = { registry = "https://pypi.org/simple" }
wheels = [
    { url = "https://files.pythonhosted.org/packages/b6/84/259ea58aca48e03c3c793b4ccfe39ed63db7b8081ef784d039330d9eed96/psycopg_binary-3.2.9-cp311-cp311-macosx_10_9_x86_64.whl", hash = "sha256:2504e9fd94eabe545d20cddcc2ff0da86ee55d76329e1ab92ecfcc6c0a8156c4", size = 4040785, upload-time = "2025-05-13T16:07:07.569Z" },
    { url = "https://files.pythonhosted.org/packages/25/22/ce58ffda2b7e36e45042b4d67f1bbd4dd2ccf4cfd2649696685c61046475/psycopg_binary-3.2.9-cp311-cp311-macosx_11_0_arm64.whl", hash = "sha256:093a0c079dd6228a7f3c3d82b906b41964eaa062a9a8c19f45ab4984bf4e872b", size = 4087601, upload-time = "2025-05-13T16:07:11.75Z" },
    { url = "https://files.pythonhosted.org/packages/c6/4f/b043e85268650c245025e80039b79663d8986f857bc3d3a72b1de67f3550/psycopg_binary-3.2.9-cp311-cp311-manylinux_2_17_aarch64.manylinux2014_aarch64.whl", hash = "sha256:387c87b51d72442708e7a853e7e7642717e704d59571da2f3b29e748be58c78a", size = 4676524, upload-time = "2025-05-13T16:07:17.038Z" },
    { url = "https://files.pythonhosted.org/packages/da/29/7afbfbd3740ea52fda488db190ef2ef2a9ff7379b85501a2142fb9f7dd56/psycopg_binary-3.2.9-cp311-cp311-manylinux_2_17_i686.manylinux2014_i686.whl", hash = "sha256:d9ac10a2ebe93a102a326415b330fff7512f01a9401406896e78a81d75d6eddc", size = 4495671, upload-time = "2025-05-13T16:07:21.709Z" },
    { url = "https://files.pythonhosted.org/packages/ea/eb/df69112d18a938cbb74efa1573082248437fa663ba66baf2cdba8a95a2d0/psycopg_binary-3.2.9-cp311-cp311-manylinux_2_17_ppc64le.manylinux2014_ppc64le.whl", hash = "sha256:72fdbda5b4c2a6a72320857ef503a6589f56d46821592d4377c8c8604810342b", size = 4768132, upload-time = "2025-05-13T16:07:25.818Z" },
    { url = "https://files.pythonhosted.org/packages/76/fe/4803b20220c04f508f50afee9169268553f46d6eed99640a08c8c1e76409/psycopg_binary-3.2.9-cp311-cp311-manylinux_2_17_x86_64.manylinux2014_x86_64.whl", hash = "sha256:f34e88940833d46108f949fdc1fcfb74d6b5ae076550cd67ab59ef47555dba95", size = 4458394, upload-time = "2025-05-13T16:07:29.148Z" },
    { url = "https://files.pythonhosted.org/packages/0f/0f/5ecc64607ef6f62b04e610b7837b1a802ca6f7cb7211339f5d166d55f1dd/psycopg_binary-3.2.9-cp311-cp311-musllinux_1_2_aarch64.whl", hash = "sha256:a3e0f89fe35cb03ff1646ab663dabf496477bab2a072315192dbaa6928862891", size = 3776879, upload-time = "2025-05-13T16:07:32.503Z" },
    { url = "https://files.pythonhosted.org/packages/c8/d8/1c3d6e99b7db67946d0eac2cd15d10a79aa7b1e3222ce4aa8e7df72027f5/psycopg_binary-3.2.9-cp311-cp311-musllinux_1_2_i686.whl", hash = "sha256:6afb3e62f2a3456f2180a4eef6b03177788df7ce938036ff7f09b696d418d186", size = 3333329, upload-time = "2025-05-13T16:07:35.555Z" },
    { url = "https://files.pythonhosted.org/packages/d7/02/a4e82099816559f558ccaf2b6945097973624dc58d5d1c91eb1e54e5a8e9/psycopg_binary-3.2.9-cp311-cp311-musllinux_1_2_ppc64le.whl", hash = "sha256:cc19ed5c7afca3f6b298bfc35a6baa27adb2019670d15c32d0bb8f780f7d560d", size = 3435683, upload-time = "2025-05-13T16:07:37.863Z" },
    { url = "https://files.pythonhosted.org/packages/91/e4/f27055290d58e8818bed8a297162a096ef7f8ecdf01d98772d4b02af46c4/psycopg_binary-3.2.9-cp311-cp311-musllinux_1_2_x86_64.whl", hash = "sha256:bc75f63653ce4ec764c8f8c8b0ad9423e23021e1c34a84eb5f4ecac8538a4a4a", size = 3497124, upload-time = "2025-05-13T16:07:40.567Z" },
    { url = "https://files.pythonhosted.org/packages/67/3d/17ed07579625529534605eeaeba34f0536754a5667dbf20ea2624fc80614/psycopg_binary-3.2.9-cp311-cp311-win_amd64.whl", hash = "sha256:3db3ba3c470801e94836ad78bf11fd5fab22e71b0c77343a1ee95d693879937a", size = 2939520, upload-time = "2025-05-13T16:07:45.467Z" },
    { url = "https://files.pythonhosted.org/packages/29/6f/ec9957e37a606cd7564412e03f41f1b3c3637a5be018d0849914cb06e674/psycopg_binary-3.2.9-cp312-cp312-macosx_10_13_x86_64.whl", hash = "sha256:be7d650a434921a6b1ebe3fff324dbc2364393eb29d7672e638ce3e21076974e", size = 4022205, upload-time = "2025-05-13T16:07:48.195Z" },
    { url = "https://files.pythonhosted.org/packages/6b/ba/497b8bea72b20a862ac95a94386967b745a472d9ddc88bc3f32d5d5f0d43/psycopg_binary-3.2.9-cp312-cp312-macosx_11_0_arm64.whl", hash = "sha256:6a76b4722a529390683c0304501f238b365a46b1e5fb6b7249dbc0ad6fea51a0", size = 4083795, upload-time = "2025-05-13T16:07:50.917Z" },
    { url = "https://files.pythonhosted.org/packages/42/07/af9503e8e8bdad3911fd88e10e6a29240f9feaa99f57d6fac4a18b16f5a0/psycopg_binary-3.2.9-cp312-cp312-manylinux_2_17_aarch64.manylinux2014_aarch64.whl", hash = "sha256:96a551e4683f1c307cfc3d9a05fec62c00a7264f320c9962a67a543e3ce0d8ff", size = 4655043, upload-time = "2025-05-13T16:07:54.857Z" },
    { url = "https://files.pythonhosted.org/packages/28/ed/aff8c9850df1648cc6a5cc7a381f11ee78d98a6b807edd4a5ae276ad60ad/psycopg_binary-3.2.9-cp312-cp312-manylinux_2_17_i686.manylinux2014_i686.whl", hash = "sha256:61d0a6ceed8f08c75a395bc28cb648a81cf8dee75ba4650093ad1a24a51c8724", size = 4477972, upload-time = "2025-05-13T16:07:57.925Z" },
    { url = "https://files.pythonhosted.org/packages/5c/bd/8e9d1b77ec1a632818fe2f457c3a65af83c68710c4c162d6866947d08cc5/psycopg_binary-3.2.9-cp312-cp312-manylinux_2_17_ppc64le.manylinux2014_ppc64le.whl", hash = "sha256:ad280bbd409bf598683dda82232f5215cfc5f2b1bf0854e409b4d0c44a113b1d", size = 4737516, upload-time = "2025-05-13T16:08:01.616Z" },
    { url = "https://files.pythonhosted.org/packages/46/ec/222238f774cd5a0881f3f3b18fb86daceae89cc410f91ef6a9fb4556f236/psycopg_binary-3.2.9-cp312-cp312-manylinux_2_17_x86_64.manylinux2014_x86_64.whl", hash = "sha256:76eddaf7fef1d0994e3d536ad48aa75034663d3a07f6f7e3e601105ae73aeff6", size = 4436160, upload-time = "2025-05-13T16:08:04.278Z" },
    { url = "https://files.pythonhosted.org/packages/37/78/af5af2a1b296eeca54ea7592cd19284739a844974c9747e516707e7b3b39/psycopg_binary-3.2.9-cp312-cp312-musllinux_1_2_aarch64.whl", hash = "sha256:52e239cd66c4158e412318fbe028cd94b0ef21b0707f56dcb4bdc250ee58fd40", size = 3753518, upload-time = "2025-05-13T16:08:07.567Z" },
    { url = "https://files.pythonhosted.org/packages/ec/ac/8a3ed39ea069402e9e6e6a2f79d81a71879708b31cc3454283314994b1ae/psycopg_binary-3.2.9-cp312-cp312-musllinux_1_2_i686.whl", hash = "sha256:08bf9d5eabba160dd4f6ad247cf12f229cc19d2458511cab2eb9647f42fa6795", size = 3313598, upload-time = "2025-05-13T16:08:09.999Z" },
    { url = "https://files.pythonhosted.org/packages/da/43/26549af068347c808fbfe5f07d2fa8cef747cfff7c695136172991d2378b/psycopg_binary-3.2.9-cp312-cp312-musllinux_1_2_ppc64le.whl", hash = "sha256:1b2cf018168cad87580e67bdde38ff5e51511112f1ce6ce9a8336871f465c19a", size = 3407289, upload-time = "2025-05-13T16:08:12.66Z" },
    { url = "https://files.pythonhosted.org/packages/67/55/ea8d227c77df8e8aec880ded398316735add8fda5eb4ff5cc96fac11e964/psycopg_binary-3.2.9-cp312-cp312-musllinux_1_2_x86_64.whl", hash = "sha256:14f64d1ac6942ff089fc7e926440f7a5ced062e2ed0949d7d2d680dc5c00e2d4", size = 3472493, upload-time = "2025-05-13T16:08:15.672Z" },
    { url = "https://files.pythonhosted.org/packages/3c/02/6ff2a5bc53c3cd653d281666728e29121149179c73fddefb1e437024c192/psycopg_binary-3.2.9-cp312-cp312-win_amd64.whl", hash = "sha256:7a838852e5afb6b4126f93eb409516a8c02a49b788f4df8b6469a40c2157fa21", size = 2927400, upload-time = "2025-05-13T16:08:18.652Z" },
    { url = "https://files.pythonhosted.org/packages/28/0b/f61ff4e9f23396aca674ed4d5c9a5b7323738021d5d72d36d8b865b3deaf/psycopg_binary-3.2.9-cp313-cp313-macosx_10_13_x86_64.whl", hash = "sha256:98bbe35b5ad24a782c7bf267596638d78aa0e87abc7837bdac5b2a2ab954179e", size = 4017127, upload-time = "2025-05-13T16:08:21.391Z" },
    { url = "https://files.pythonhosted.org/packages/bc/00/7e181fb1179fbfc24493738b61efd0453d4b70a0c4b12728e2b82db355fd/psycopg_binary-3.2.9-cp313-cp313-macosx_11_0_arm64.whl", hash = "sha256:72691a1615ebb42da8b636c5ca9f2b71f266be9e172f66209a361c175b7842c5", size = 4080322, upload-time = "2025-05-13T16:08:24.049Z" },
    { url = "https://files.pythonhosted.org/packages/58/fd/94fc267c1d1392c4211e54ccb943be96ea4032e761573cf1047951887494/psycopg_binary-3.2.9-cp313-cp313-manylinux_2_17_aarch64.manylinux2014_aarch64.whl", hash = "sha256:25ab464bfba8c401f5536d5aa95f0ca1dd8257b5202eede04019b4415f491351", size = 4655097, upload-time = "2025-05-13T16:08:27.376Z" },
    { url = "https://files.pythonhosted.org/packages/41/17/31b3acf43de0b2ba83eac5878ff0dea5a608ca2a5c5dd48067999503a9de/psycopg_binary-3.2.9-cp313-cp313-manylinux_2_17_i686.manylinux2014_i686.whl", hash = "sha256:0e8aeefebe752f46e3c4b769e53f1d4ad71208fe1150975ef7662c22cca80fab", size = 4482114, upload-time = "2025-05-13T16:08:30.781Z" },
    { url = "https://files.pythonhosted.org/packages/85/78/b4d75e5fd5a85e17f2beb977abbba3389d11a4536b116205846b0e1cf744/psycopg_binary-3.2.9-cp313-cp313-manylinux_2_17_ppc64le.manylinux2014_ppc64le.whl", hash = "sha256:b7e4e4dd177a8665c9ce86bc9caae2ab3aa9360b7ce7ec01827ea1baea9ff748", size = 4737693, upload-time = "2025-05-13T16:08:34.625Z" },
    { url = "https://files.pythonhosted.org/packages/3b/95/7325a8550e3388b00b5e54f4ced5e7346b531eb4573bf054c3dbbfdc14fe/psycopg_binary-3.2.9-cp313-cp313-manylinux_2_17_x86_64.manylinux2014_x86_64.whl", hash = "sha256:7fc2915949e5c1ea27a851f7a472a7da7d0a40d679f0a31e42f1022f3c562e87", size = 4437423, upload-time = "2025-05-13T16:08:37.444Z" },
    { url = "https://files.pythonhosted.org/packages/1a/db/cef77d08e59910d483df4ee6da8af51c03bb597f500f1fe818f0f3b925d3/psycopg_binary-3.2.9-cp313-cp313-musllinux_1_2_aarch64.whl", hash = "sha256:a1fa38a4687b14f517f049477178093c39c2a10fdcced21116f47c017516498f", size = 3758667, upload-time = "2025-05-13T16:08:40.116Z" },
    { url = "https://files.pythonhosted.org/packages/95/3e/252fcbffb47189aa84d723b54682e1bb6d05c8875fa50ce1ada914ae6e28/psycopg_binary-3.2.9-cp313-cp313-musllinux_1_2_i686.whl", hash = "sha256:5be8292d07a3ab828dc95b5ee6b69ca0a5b2e579a577b39671f4f5b47116dfd2", size = 3320576, upload-time = "2025-05-13T16:08:43.243Z" },
    { url = "https://files.pythonhosted.org/packages/1c/cd/9b5583936515d085a1bec32b45289ceb53b80d9ce1cea0fef4c782dc41a7/psycopg_binary-3.2.9-cp313-cp313-musllinux_1_2_ppc64le.whl", hash = "sha256:778588ca9897b6c6bab39b0d3034efff4c5438f5e3bd52fda3914175498202f9", size = 3411439, upload-time = "2025-05-13T16:08:47.321Z" },
    { url = "https://files.pythonhosted.org/packages/45/6b/6f1164ea1634c87956cdb6db759e0b8c5827f989ee3cdff0f5c70e8331f2/psycopg_binary-3.2.9-cp313-cp313-musllinux_1_2_x86_64.whl", hash = "sha256:f0d5b3af045a187aedbd7ed5fc513bd933a97aaff78e61c3745b330792c4345b", size = 3477477, upload-time = "2025-05-13T16:08:51.166Z" },
    { url = "https://files.pythonhosted.org/packages/7b/1d/bf54cfec79377929da600c16114f0da77a5f1670f45e0c3af9fcd36879bc/psycopg_binary-3.2.9-cp313-cp313-win_amd64.whl", hash = "sha256:2290bc146a1b6a9730350f695e8b670e1d1feb8446597bed0bbe7c3c30e0abcb", size = 2928009, upload-time = "2025-05-13T16:08:53.67Z" },
]

[[package]]
name = "ptyprocess"
version = "0.7.0"
source = { registry = "https://pypi.org/simple" }
sdist = { url = "https://files.pythonhosted.org/packages/20/e5/16ff212c1e452235a90aeb09066144d0c5a6a8c0834397e03f5224495c4e/ptyprocess-0.7.0.tar.gz", hash = "sha256:5c5d0a3b48ceee0b48485e0c26037c0acd7d29765ca3fbb5cb3831d347423220", size = 70762, upload-time = "2020-12-28T15:15:30.155Z" }
wheels = [
    { url = "https://files.pythonhosted.org/packages/22/a6/858897256d0deac81a172289110f31629fc4cee19b6f01283303e18c8db3/ptyprocess-0.7.0-py2.py3-none-any.whl", hash = "sha256:4b41f3967fce3af57cc7e94b888626c18bf37a083e3651ca8feeb66d492fef35", size = 13993, upload-time = "2020-12-28T15:15:28.35Z" },
]

[[package]]
name = "pure-eval"
version = "0.2.3"
source = { registry = "https://pypi.org/simple" }
sdist = { url = "https://files.pythonhosted.org/packages/cd/05/0a34433a064256a578f1783a10da6df098ceaa4a57bbeaa96a6c0352786b/pure_eval-0.2.3.tar.gz", hash = "sha256:5f4e983f40564c576c7c8635ae88db5956bb2229d7e9237d03b3c0b0190eaf42", size = 19752, upload-time = "2024-07-21T12:58:21.801Z" }
wheels = [
    { url = "https://files.pythonhosted.org/packages/8e/37/efad0257dc6e593a18957422533ff0f87ede7c9c6ea010a2177d738fb82f/pure_eval-0.2.3-py3-none-any.whl", hash = "sha256:1db8e35b67b3d218d818ae653e27f06c3aa420901fa7b081ca98cbedc874e0d0", size = 11842, upload-time = "2024-07-21T12:58:20.04Z" },
]

[[package]]
name = "pygments"
version = "2.19.2"
source = { registry = "https://pypi.org/simple" }
sdist = { url = "https://files.pythonhosted.org/packages/b0/77/a5b8c569bf593b0140bde72ea885a803b82086995367bf2037de0159d924/pygments-2.19.2.tar.gz", hash = "sha256:636cb2477cec7f8952536970bc533bc43743542f70392ae026374600add5b887", size = 4968631, upload-time = "2025-06-21T13:39:12.283Z" }
wheels = [
    { url = "https://files.pythonhosted.org/packages/c7/21/705964c7812476f378728bdf590ca4b771ec72385c533964653c68e86bdc/pygments-2.19.2-py3-none-any.whl", hash = "sha256:86540386c03d588bb81d44bc3928634ff26449851e99741617ecb9037ee5ec0b", size = 1225217, upload-time = "2025-06-21T13:39:07.939Z" },
]

[[package]]
name = "pyreadline3"
version = "3.5.4"
source = { registry = "https://pypi.org/simple" }
sdist = { url = "https://files.pythonhosted.org/packages/0f/49/4cea918a08f02817aabae639e3d0ac046fef9f9180518a3ad394e22da148/pyreadline3-3.5.4.tar.gz", hash = "sha256:8d57d53039a1c75adba8e50dd3d992b28143480816187ea5efbd5c78e6c885b7", size = 99839, upload-time = "2024-09-19T02:40:10.062Z" }
wheels = [
    { url = "https://files.pythonhosted.org/packages/5a/dc/491b7661614ab97483abf2056be1deee4dc2490ecbf7bff9ab5cdbac86e1/pyreadline3-3.5.4-py3-none-any.whl", hash = "sha256:eaf8e6cc3c49bcccf145fc6067ba8643d1df34d604a1ec0eccbf7a18e6d3fae6", size = 83178, upload-time = "2024-09-19T02:40:08.598Z" },
]

[[package]]
name = "stack-data"
version = "0.6.3"
source = { registry = "https://pypi.org/simple" }
dependencies = [
    { name = "asttokens" },
    { name = "executing" },
    { name = "pure-eval" },
]
sdist = { url = "https://files.pythonhosted.org/packages/28/e3/55dcc2cfbc3ca9c29519eb6884dd1415ecb53b0e934862d3559ddcb7e20b/stack_data-0.6.3.tar.gz", hash = "sha256:836a778de4fec4dcd1dcd89ed8abff8a221f58308462e1c4aa2a3cf30148f0b9", size = 44707, upload-time = "2023-09-30T13:58:05.479Z" }
wheels = [
    { url = "https://files.pythonhosted.org/packages/f1/7b/ce1eafaf1a76852e2ec9b22edecf1daa58175c090266e9f6c64afcd81d91/stack_data-0.6.3-py3-none-any.whl", hash = "sha256:d5558e0c25a4cb0853cddad3d77da9891a08cb85dd9f9f91b9f8cd66e511e695", size = 24521, upload-time = "2023-09-30T13:58:03.53Z" },
]

[[package]]
name = "traitlets"
version = "5.14.3"
source = { registry = "https://pypi.org/simple" }
sdist = { url = "https://files.pythonhosted.org/packages/eb/79/72064e6a701c2183016abbbfedaba506d81e30e232a68c9f0d6f6fcd1574/traitlets-5.14.3.tar.gz", hash = "sha256:9ed0579d3502c94b4b3732ac120375cda96f923114522847de4b3bb98b96b6b7", size = 161621, upload-time = "2024-04-19T11:11:49.746Z" }
wheels = [
    { url = "https://files.pythonhosted.org/packages/00/c0/8f5d070730d7836adc9c9b6408dec68c6ced86b304a9b26a14df072a6e8c/traitlets-5.14.3-py3-none-any.whl", hash = "sha256:b74e89e397b1ed28cc831db7aea759ba6640cb3de13090ca145426688ff1ac4f", size = 85359, upload-time = "2024-04-19T11:11:46.763Z" },
]

[[package]]
name = "typing-extensions"
version = "4.14.0"
source = { registry = "https://pypi.org/simple" }
sdist = { url = "https://files.pythonhosted.org/packages/d1/bc/51647cd02527e87d05cb083ccc402f93e441606ff1f01739a62c8ad09ba5/typing_extensions-4.14.0.tar.gz", hash = "sha256:8676b788e32f02ab42d9e7c61324048ae4c6d844a399eebace3d4979d75ceef4", size = 107423, upload-time = "2025-06-02T14:52:11.399Z" }
wheels = [
    { url = "https://files.pythonhosted.org/packages/69/e0/552843e0d356fbb5256d21449fa957fa4eff3bbc135a74a691ee70c7c5da/typing_extensions-4.14.0-py3-none-any.whl", hash = "sha256:a1514509136dd0b477638fc68d6a91497af5076466ad0fa6c338e44e359944af", size = 43839, upload-time = "2025-06-02T14:52:10.026Z" },
]

[[package]]
name = "tzdata"
version = "2025.2"
source = { registry = "https://pypi.org/simple" }
sdist = { url = "https://files.pythonhosted.org/packages/95/32/1a225d6164441be760d75c2c42e2780dc0873fe382da3e98a2e1e48361e5/tzdata-2025.2.tar.gz", hash = "sha256:b60a638fcc0daffadf82fe0f57e53d06bdec2f36c4df66280ae79bce6bd6f2b9", size = 196380, upload-time = "2025-03-23T13:54:43.652Z" }
wheels = [
    { url = "https://files.pythonhosted.org/packages/5c/23/c7abc0ca0a1526a0774eca151daeb8de62ec457e77262b66b359c3c7679e/tzdata-2025.2-py2.py3-none-any.whl", hash = "sha256:1a403fada01ff9221ca8044d701868fa132215d84beb92242d9acd2147f667a8", size = 347839, upload-time = "2025-03-23T13:54:41.845Z" },
]

[[package]]
name = "wcwidth"
version = "0.2.13"
source = { registry = "https://pypi.org/simple" }
sdist = { url = "https://files.pythonhosted.org/packages/6c/63/53559446a878410fc5a5974feb13d31d78d752eb18aeba59c7fef1af7598/wcwidth-0.2.13.tar.gz", hash = "sha256:72ea0c06399eb286d978fdedb6923a9eb47e1c486ce63e9b4e64fc18303972b5", size = 101301, upload-time = "2024-01-06T02:10:57.829Z" }
wheels = [
    { url = "https://files.pythonhosted.org/packages/fd/84/fd2ba7aafacbad3c4201d395674fc6348826569da3c0937e75505ead3528/wcwidth-0.2.13-py2.py3-none-any.whl", hash = "sha256:3da69048e4540d84af32131829ff948f1e022c1c6bdb8d6102117aac784f6859", size = 34166, upload-time = "2024-01-06T02:10:55.763Z" },
]
